
Microsoft Visual Studio Solution File, Format Version 12.00
# Visual Studio Version 17
VisualStudioVersion = 17.5.002.0
MinimumVisualStudioVersion = 10.0.40219.1
Project("{9A19103F-16F7-4668-BE54-9A1E7A4F7556}") = "newmark-api", "newmark-api.csproj", "{0EA13019-9AAD-4266-B41E-9C340D5C504D}"
EndProject
Global
	GlobalSection(SolutionConfigurationPlatforms) = preSolution
		Debug|Any CPU = Debug|Any CPU
		Release|Any CPU = Release|Any CPU
	EndGlobalSection
	GlobalSection(ProjectConfigurationPlatforms) = postSolution
		{0EA13019-9AAD-4266-B41E-9C340D5C504D}.Debug|Any CPU.ActiveCfg = Debug|Any CPU
		{0EA13019-9AAD-4266-B41E-9C340D5C504D}.Debug|Any CPU.Build.0 = Debug|Any CPU
		{0EA13019-9AAD-4266-B41E-9C340D5C504D}.Release|Any CPU.ActiveCfg = Release|Any CPU
		{0EA13019-9AAD-4266-B41E-9C340D5C504D}.Release|Any CPU.Build.0 = Release|Any CPU
		{FF2A1B7B-97E7-4A39-B2EE-4FA080BC6A6E}.Debug|Any CPU.ActiveCfg = Debug|Any CPU
		{FF2A1B7B-97E7-4A39-B2EE-4FA080BC6A6E}.Debug|Any CPU.Build.0 = Debug|Any CPU
		{FF2A1B7B-97E7-4A39-B2EE-4FA080BC6A6E}.Release|Any CPU.ActiveCfg = Release|Any CPU
		{FF2A1B7B-97E7-4A39-B2EE-4FA080BC6A6E}.Release|Any CPU.Build.0 = Release|Any CPU
	EndGlobalSection
	GlobalSection(SolutionProperties) = preSolution
		HideSolutionNode = FALSE
	EndGlobalSection
	GlobalSection(ExtensibilityGlobals) = postSolution
		SolutionGuid = {4EA60500-E01B-4FF1-8272-EB2A5FC02E31}
	EndGlobalSection
EndGlobal
